// !$*UTF8*$!
{
	archiveVersion = 1;
	classes = {
	};
	objectVersion = 51;
	objects = {

/* Begin PBXBuildFile section */
		056203131C89DD34E71C609A /* Pods_proyectoFinal.framework in Frameworks */ = {isa = PBXBuildFile; fileRef = 9503F03800A8E1F32DA8C3B6 /* Pods_proyectoFinal.framework */; };
		262EFCEE2451DE7200D24FAD /* GoogleService-Info.plist in Resources */ = {isa = PBXBuildFile; fileRef = 262EFCED2451DE7200D24FAD /* GoogleService-Info.plist */; };
		268740BF2451719400D9AB38 /* ViewControllerMedir.swift in Sources */ = {isa = PBXBuildFile; fileRef = 268740BE2451719400D9AB38 /* ViewControllerMedir.swift */; };
		268740C124519F2400D9AB38 /* Medicion.swift in Sources */ = {isa = PBXBuildFile; fileRef = 268740C024519F2400D9AB38 /* Medicion.swift */; };
		26BA2DC62453BD9F00CE0CB1 /* Doctor.swift in Sources */ = {isa = PBXBuildFile; fileRef = 26BA2DC52453BD9F00CE0CB1 /* Doctor.swift */; };
		26BA2DC82453D40600CE0CB1 /* ViewControllerQr.swift in Sources */ = {isa = PBXBuildFile; fileRef = 26BA2DC72453D40600CE0CB1 /* ViewControllerQr.swift */; };
		26EEE3E7244677DB009FA9E4 /* AppDelegate.swift in Sources */ = {isa = PBXBuildFile; fileRef = 26EEE3E6244677DB009FA9E4 /* AppDelegate.swift */; };
		26EEE3E9244677DB009FA9E4 /* SceneDelegate.swift in Sources */ = {isa = PBXBuildFile; fileRef = 26EEE3E8244677DB009FA9E4 /* SceneDelegate.swift */; };
		26EEE3EB244677DB009FA9E4 /* ViewController.swift in Sources */ = {isa = PBXBuildFile; fileRef = 26EEE3EA244677DB009FA9E4 /* ViewController.swift */; };
		26EEE3EE244677DB009FA9E4 /* Main.storyboard in Resources */ = {isa = PBXBuildFile; fileRef = 26EEE3EC244677DB009FA9E4 /* Main.storyboard */; };
		26EEE3F0244677DD009FA9E4 /* Assets.xcassets in Resources */ = {isa = PBXBuildFile; fileRef = 26EEE3EF244677DD009FA9E4 /* Assets.xcassets */; };
		26EEE3F3244677DD009FA9E4 /* LaunchScreen.storyboard in Resources */ = {isa = PBXBuildFile; fileRef = 26EEE3F1244677DD009FA9E4 /* LaunchScreen.storyboard */; };
		26EEE3FB24467AC0009FA9E4 /* todo.rtf in Resources */ = {isa = PBXBuildFile; fileRef = 26EEE3FA24467AC0009FA9E4 /* todo.rtf */; };
		BD5ABC4A2467799800D30A8A /* HistorialViewController.swift in Sources */ = {isa = PBXBuildFile; fileRef = BD5ABC492467799800D30A8A /* HistorialViewController.swift */; };
		BD7A52652450B81E0040392B /* Paciente.swift in Sources */ = {isa = PBXBuildFile; fileRef = BD7A52642450B81E0040392B /* Paciente.swift */; };
		BD7A52692450E24D0040392B /* InicioViewController.swift in Sources */ = {isa = PBXBuildFile; fileRef = BD7A52682450E24D0040392B /* InicioViewController.swift */; };
		BD7A526B2450E8D00040392B /* AgregarMedicinasViewController.swift in Sources */ = {isa = PBXBuildFile; fileRef = BD7A526A2450E8D00040392B /* AgregarMedicinasViewController.swift */; };
		BD7A526D245105820040392B /* MainViewController.swift in Sources */ = {isa = PBXBuildFile; fileRef = BD7A526C245105820040392B /* MainViewController.swift */; };
		BD7A526F245137EB0040392B /* EditarPerfilViewController.swift in Sources */ = {isa = PBXBuildFile; fileRef = BD7A526E245137EB0040392B /* EditarPerfilViewController.swift */; };
		BD7A527124513D740040392B /* TabBarViewController.swift in Sources */ = {isa = PBXBuildFile; fileRef = BD7A527024513D740040392B /* TabBarViewController.swift */; };
/* End PBXBuildFile section */

/* Begin PBXFileReference section */
		1C098B3F1B93ACF0D86A7185 /* Pods-proyectoFinal.release.xcconfig */ = {isa = PBXFileReference; includeInIndex = 1; lastKnownFileType = text.xcconfig; name = "Pods-proyectoFinal.release.xcconfig"; path = "Target Support Files/Pods-proyectoFinal/Pods-proyectoFinal.release.xcconfig"; sourceTree = "<group>"; };
		262EFCED2451DE7200D24FAD /* GoogleService-Info.plist */ = {isa = PBXFileReference; fileEncoding = 4; lastKnownFileType = text.plist.xml; path = "GoogleService-Info.plist"; sourceTree = "<group>"; };
		268740BE2451719400D9AB38 /* ViewControllerMedir.swift */ = {isa = PBXFileReference; lastKnownFileType = sourcecode.swift; path = ViewControllerMedir.swift; sourceTree = "<group>"; };
		268740C024519F2400D9AB38 /* Medicion.swift */ = {isa = PBXFileReference; lastKnownFileType = sourcecode.swift; path = "\U0010Medicion.swift"; sourceTree = "<group>"; };
		26BA2DC52453BD9F00CE0CB1 /* Doctor.swift */ = {isa = PBXFileReference; lastKnownFileType = sourcecode.swift; path = Doctor.swift; sourceTree = "<group>"; };
		26BA2DC72453D40600CE0CB1 /* ViewControllerQr.swift */ = {isa = PBXFileReference; lastKnownFileType = sourcecode.swift; path = ViewControllerQr.swift; sourceTree = "<group>"; };
		26EEE3E3244677DB009FA9E4 /* proyectoFinal.app */ = {isa = PBXFileReference; explicitFileType = wrapper.application; includeInIndex = 0; path = proyectoFinal.app; sourceTree = BUILT_PRODUCTS_DIR; };
		26EEE3E6244677DB009FA9E4 /* AppDelegate.swift */ = {isa = PBXFileReference; lastKnownFileType = sourcecode.swift; path = AppDelegate.swift; sourceTree = "<group>"; };
		26EEE3E8244677DB009FA9E4 /* SceneDelegate.swift */ = {isa = PBXFileReference; lastKnownFileType = sourcecode.swift; path = SceneDelegate.swift; sourceTree = "<group>"; };
		26EEE3EA244677DB009FA9E4 /* ViewController.swift */ = {isa = PBXFileReference; lastKnownFileType = sourcecode.swift; path = ViewController.swift; sourceTree = "<group>"; };
		26EEE3ED244677DB009FA9E4 /* Base */ = {isa = PBXFileReference; lastKnownFileType = file.storyboard; name = Base; path = Base.lproj/Main.storyboard; sourceTree = "<group>"; };
		26EEE3EF244677DD009FA9E4 /* Assets.xcassets */ = {isa = PBXFileReference; lastKnownFileType = folder.assetcatalog; path = Assets.xcassets; sourceTree = "<group>"; };
		26EEE3F2244677DD009FA9E4 /* Base */ = {isa = PBXFileReference; lastKnownFileType = file.storyboard; name = Base; path = Base.lproj/LaunchScreen.storyboard; sourceTree = "<group>"; };
		26EEE3F4244677DD009FA9E4 /* Info.plist */ = {isa = PBXFileReference; lastKnownFileType = text.plist.xml; path = Info.plist; sourceTree = "<group>"; };
		26EEE3FA24467AC0009FA9E4 /* todo.rtf */ = {isa = PBXFileReference; lastKnownFileType = text.rtf; path = todo.rtf; sourceTree = "<group>"; };
		9503F03800A8E1F32DA8C3B6 /* Pods_proyectoFinal.framework */ = {isa = PBXFileReference; explicitFileType = wrapper.framework; includeInIndex = 0; path = Pods_proyectoFinal.framework; sourceTree = BUILT_PRODUCTS_DIR; };
		BD5ABC492467799800D30A8A /* HistorialViewController.swift */ = {isa = PBXFileReference; lastKnownFileType = sourcecode.swift; path = HistorialViewController.swift; sourceTree = "<group>"; };
		BD7A52642450B81E0040392B /* Paciente.swift */ = {isa = PBXFileReference; lastKnownFileType = sourcecode.swift; path = Paciente.swift; sourceTree = "<group>"; };
		BD7A52682450E24D0040392B /* InicioViewController.swift */ = {isa = PBXFileReference; lastKnownFileType = sourcecode.swift; path = InicioViewController.swift; sourceTree = "<group>"; };
		BD7A526A2450E8D00040392B /* AgregarMedicinasViewController.swift */ = {isa = PBXFileReference; lastKnownFileType = sourcecode.swift; path = AgregarMedicinasViewController.swift; sourceTree = "<group>"; };
		BD7A526C245105820040392B /* MainViewController.swift */ = {isa = PBXFileReference; lastKnownFileType = sourcecode.swift; path = MainViewController.swift; sourceTree = "<group>"; };
		BD7A526E245137EB0040392B /* EditarPerfilViewController.swift */ = {isa = PBXFileReference; lastKnownFileType = sourcecode.swift; path = EditarPerfilViewController.swift; sourceTree = "<group>"; };
		BD7A527024513D740040392B /* TabBarViewController.swift */ = {isa = PBXFileReference; lastKnownFileType = sourcecode.swift; path = TabBarViewController.swift; sourceTree = "<group>"; };
		E5192B444B60685B1F948114 /* Pods-proyectoFinal.debug.xcconfig */ = {isa = PBXFileReference; includeInIndex = 1; lastKnownFileType = text.xcconfig; name = "Pods-proyectoFinal.debug.xcconfig"; path = "Target Support Files/Pods-proyectoFinal/Pods-proyectoFinal.debug.xcconfig"; sourceTree = "<group>"; };
/* End PBXFileReference section */

/* Begin PBXFrameworksBuildPhase section */
		26EEE3E0244677DB009FA9E4 /* Frameworks */ = {
			isa = PBXFrameworksBuildPhase;
			buildActionMask = 2147483647;
			files = (
				056203131C89DD34E71C609A /* Pods_proyectoFinal.framework in Frameworks */,
			);
			runOnlyForDeploymentPostprocessing = 0;
		};
/* End PBXFrameworksBuildPhase section */

/* Begin PBXGroup section */
		26EEE3DA244677DB009FA9E4 = {
			isa = PBXGroup;
			children = (
				26EEE3E5244677DB009FA9E4 /* proyectoFinal */,
				26EEE3E4244677DB009FA9E4 /* Products */,
				44364D5C9109C5D5A5B4EA59 /* Pods */,
				BEA787BE40CE549AEC235973 /* Frameworks */,
			);
			sourceTree = "<group>";
		};
		26EEE3E4244677DB009FA9E4 /* Products */ = {
			isa = PBXGroup;
			children = (
				26EEE3E3244677DB009FA9E4 /* proyectoFinal.app */,
			);
			name = Products;
			sourceTree = "<group>";
		};
		26EEE3E5244677DB009FA9E4 /* proyectoFinal */ = {
			isa = PBXGroup;
			children = (
				262EFCED2451DE7200D24FAD /* GoogleService-Info.plist */,
				26EEE3E6244677DB009FA9E4 /* AppDelegate.swift */,
				26EEE3E8244677DB009FA9E4 /* SceneDelegate.swift */,
				26EEE3EA244677DB009FA9E4 /* ViewController.swift */,
				26EEE3EC244677DB009FA9E4 /* Main.storyboard */,
				BD5ABC492467799800D30A8A /* HistorialViewController.swift */,
				BD7A527024513D740040392B /* TabBarViewController.swift */,
				BD7A526E245137EB0040392B /* EditarPerfilViewController.swift */,
				BD7A526C245105820040392B /* MainViewController.swift */,
				BD7A526A2450E8D00040392B /* AgregarMedicinasViewController.swift */,
				BD7A52682450E24D0040392B /* InicioViewController.swift */,
				BD7A52642450B81E0040392B /* Paciente.swift */,
				26BA2DC52453BD9F00CE0CB1 /* Doctor.swift */,
				26EEE3EF244677DD009FA9E4 /* Assets.xcassets */,
				26EEE3F1244677DD009FA9E4 /* LaunchScreen.storyboard */,
				26EEE3F4244677DD009FA9E4 /* Info.plist */,
				26EEE3FA24467AC0009FA9E4 /* todo.rtf */,
				268740BE2451719400D9AB38 /* ViewControllerMedir.swift */,
				268740C024519F2400D9AB38 /* Medicion.swift */,
				26BA2DC72453D40600CE0CB1 /* ViewControllerQr.swift */,
			);
			path = proyectoFinal;
			sourceTree = "<group>";
		};
		44364D5C9109C5D5A5B4EA59 /* Pods */ = {
			isa = PBXGroup;
			children = (
				E5192B444B60685B1F948114 /* Pods-proyectoFinal.debug.xcconfig */,
				1C098B3F1B93ACF0D86A7185 /* Pods-proyectoFinal.release.xcconfig */,
			);
			path = Pods;
			sourceTree = "<group>";
		};
		BEA787BE40CE549AEC235973 /* Frameworks */ = {
			isa = PBXGroup;
			children = (
				9503F03800A8E1F32DA8C3B6 /* Pods_proyectoFinal.framework */,
			);
			name = Frameworks;
			sourceTree = "<group>";
		};
/* End PBXGroup section */

/* Begin PBXNativeTarget section */
		26EEE3E2244677DB009FA9E4 /* proyectoFinal */ = {
			isa = PBXNativeTarget;
			buildConfigurationList = 26EEE3F7244677DD009FA9E4 /* Build configuration list for PBXNativeTarget "proyectoFinal" */;
			buildPhases = (
				F18BCF94D9D3DC89624BC8B0 /* [CP] Check Pods Manifest.lock */,
				26EEE3DF244677DB009FA9E4 /* Sources */,
				26EEE3E0244677DB009FA9E4 /* Frameworks */,
				26EEE3E1244677DB009FA9E4 /* Resources */,
				1A601F8906DED8AC3386EF7A /* [CP] Embed Pods Frameworks */,
			);
			buildRules = (
			);
			dependencies = (
			);
			name = proyectoFinal;
			productName = proyectoFinal;
			productReference = 26EEE3E3244677DB009FA9E4 /* proyectoFinal.app */;
			productType = "com.apple.product-type.application";
		};
/* End PBXNativeTarget section */

/* Begin PBXProject section */
		26EEE3DB244677DB009FA9E4 /* Project object */ = {
			isa = PBXProject;
			attributes = {
				LastSwiftUpdateCheck = 1140;
				LastUpgradeCheck = 1140;
				ORGANIZATIONNAME = "Jose Roberto";
				TargetAttributes = {
					26EEE3E2244677DB009FA9E4 = {
						CreatedOnToolsVersion = 11.4;
					};
				};
			};
			buildConfigurationList = 26EEE3DE244677DB009FA9E4 /* Build configuration list for PBXProject "proyectoFinal" */;
			compatibilityVersion = "Xcode 9.3";
			developmentRegion = en;
			hasScannedForEncodings = 0;
			knownRegions = (
				en,
				Base,
			);
			mainGroup = 26EEE3DA244677DB009FA9E4;
			productRefGroup = 26EEE3E4244677DB009FA9E4 /* Products */;
			projectDirPath = "";
			projectRoot = "";
			targets = (
				26EEE3E2244677DB009FA9E4 /* proyectoFinal */,
			);
		};
/* End PBXProject section */

/* Begin PBXResourcesBuildPhase section */
		26EEE3E1244677DB009FA9E4 /* Resources */ = {
			isa = PBXResourcesBuildPhase;
			buildActionMask = 2147483647;
			files = (
				26EEE3FB24467AC0009FA9E4 /* todo.rtf in Resources */,
				26EEE3F3244677DD009FA9E4 /* LaunchScreen.storyboard in Resources */,
				262EFCEE2451DE7200D24FAD /* GoogleService-Info.plist in Resources */,
				26EEE3F0244677DD009FA9E4 /* Assets.xcassets in Resources */,
				26EEE3EE244677DB009FA9E4 /* Main.storyboard in Resources */,
			);
			runOnlyForDeploymentPostprocessing = 0;
		};
/* End PBXResourcesBuildPhase section */

/* Begin PBXShellScriptBuildPhase section */
		1A601F8906DED8AC3386EF7A /* [CP] Embed Pods Frameworks */ = {
			isa = PBXShellScriptBuildPhase;
			buildActionMask = 2147483647;
			files = (
			);
			inputFileListPaths = (
				"${PODS_ROOT}/Target Support Files/Pods-proyectoFinal/Pods-proyectoFinal-frameworks-${CONFIGURATION}-input-files.xcfilelist",
			);
			name = "[CP] Embed Pods Frameworks";
			outputFileListPaths = (
				"${PODS_ROOT}/Target Support Files/Pods-proyectoFinal/Pods-proyectoFinal-frameworks-${CONFIGURATION}-output-files.xcfilelist",
			);
			runOnlyForDeploymentPostprocessing = 0;
			shellPath = /bin/sh;
			shellScript = "\"${PODS_ROOT}/Target Support Files/Pods-proyectoFinal/Pods-proyectoFinal-frameworks.sh\"\n";
			showEnvVarsInLog = 0;
		};
		F18BCF94D9D3DC89624BC8B0 /* [CP] Check Pods Manifest.lock */ = {
			isa = PBXShellScriptBuildPhase;
			buildActionMask = 2147483647;
			files = (
			);
			inputFileListPaths = (
			);
			inputPaths = (
				"${PODS_PODFILE_DIR_PATH}/Podfile.lock",
				"${PODS_ROOT}/Manifest.lock",
			);
			name = "[CP] Check Pods Manifest.lock";
			outputFileListPaths = (
			);
			outputPaths = (
				"$(DERIVED_FILE_DIR)/Pods-proyectoFinal-checkManifestLockResult.txt",
			);
			runOnlyForDeploymentPostprocessing = 0;
			shellPath = /bin/sh;
			shellScript = "diff \"${PODS_PODFILE_DIR_PATH}/Podfile.lock\" \"${PODS_ROOT}/Manifest.lock\" > /dev/null\nif [ $? != 0 ] ; then\n    # print error to STDERR\n    echo \"error: The sandbox is not in sync with the Podfile.lock. Run 'pod install' or update your CocoaPods installation.\" >&2\n    exit 1\nfi\n# This output is used by Xcode 'outputs' to avoid re-running this script phase.\necho \"SUCCESS\" > \"${SCRIPT_OUTPUT_FILE_0}\"\n";
			showEnvVarsInLog = 0;
		};
/* End PBXShellScriptBuildPhase section */

/* Begin PBXSourcesBuildPhase section */
		26EEE3DF244677DB009FA9E4 /* Sources */ = {
			isa = PBXSourcesBuildPhase;
			buildActionMask = 2147483647;
			files = (
				BD7A526D245105820040392B /* MainViewController.swift in Sources */,
				26EEE3EB244677DB009FA9E4 /* ViewController.swift in Sources */,
				26BA2DC62453BD9F00CE0CB1 /* Doctor.swift in Sources */,
				BD7A526F245137EB0040392B /* EditarPerfilViewController.swift in Sources */,
				26EEE3E7244677DB009FA9E4 /* AppDelegate.swift in Sources */,
				BD7A527124513D740040392B /* TabBarViewController.swift in Sources */,
				BD5ABC4A2467799800D30A8A /* HistorialViewController.swift in Sources */,
				268740C124519F2400D9AB38 /* Medicion.swift in Sources */,
				BD7A526B2450E8D00040392B /* AgregarMedicinasViewController.swift in Sources */,
				BD7A52652450B81E0040392B /* Paciente.swift in Sources */,
				26BA2DC82453D40600CE0CB1 /* ViewControllerQr.swift in Sources */,
				BD7A52692450E24D0040392B /* InicioViewController.swift in Sources */,
				268740BF2451719400D9AB38 /* ViewControllerMedir.swift in Sources */,
				26EEE3E9244677DB009FA9E4 /* SceneDelegate.swift in Sources */,
			);
			runOnlyForDeploymentPostprocessing = 0;
		};
/* End PBXSourcesBuildPhase section */

/* Begin PBXVariantGroup section */
		26EEE3EC244677DB009FA9E4 /* Main.storyboard */ = {
			isa = PBXVariantGroup;
			children = (
				26EEE3ED244677DB009FA9E4 /* Base */,
			);
			name = Main.storyboard;
			sourceTree = "<group>";
		};
		26EEE3F1244677DD009FA9E4 /* LaunchScreen.storyboard */ = {
			isa = PBXVariantGroup;
			children = (
				26EEE3F2244677DD009FA9E4 /* Base */,
			);
			name = LaunchScreen.storyboard;
			sourceTree = "<group>";
		};
/* End PBXVariantGroup section */

/* Begin XCBuildConfiguration section */
		26EEE3F5244677DD009FA9E4 /* Debug */ = {
			isa = XCBuildConfiguration;
			buildSettings = {
				ALWAYS_SEARCH_USER_PATHS = NO;
				CLANG_ANALYZER_NONNULL = YES;
				CLANG_ANALYZER_NUMBER_OBJECT_CONVERSION = YES_AGGRESSIVE;
				CLANG_CXX_LANGUAGE_STANDARD = "gnu++14";
				CLANG_CXX_LIBRARY = "libc++";
				CLANG_ENABLE_MODULES = YES;
				CLANG_ENABLE_OBJC_ARC = YES;
				CLANG_ENABLE_OBJC_WEAK = YES;
				CLANG_WARN_BLOCK_CAPTURE_AUTORELEASING = YES;
				CLANG_WARN_BOOL_CONVERSION = YES;
				CLANG_WARN_COMMA = YES;
				CLANG_WARN_CONSTANT_CONVERSION = YES;
				CLANG_WARN_DEPRECATED_OBJC_IMPLEMENTATIONS = YES;
				CLANG_WARN_DIRECT_OBJC_ISA_USAGE = YES_ERROR;
				CLANG_WARN_DOCUMENTATION_COMMENTS = YES;
				CLANG_WARN_EMPTY_BODY = YES;
				CLANG_WARN_ENUM_CONVERSION = YES;
				CLANG_WARN_INFINITE_RECURSION = YES;
				CLANG_WARN_INT_CONVERSION = YES;
				CLANG_WARN_NON_LITERAL_NULL_CONVERSION = YES;
				CLANG_WARN_OBJC_IMPLICIT_RETAIN_SELF = YES;
				CLANG_WARN_OBJC_LITERAL_CONVERSION = YES;
				CLANG_WARN_OBJC_ROOT_CLASS = YES_ERROR;
				CLANG_WARN_RANGE_LOOP_ANALYSIS = YES;
				CLANG_WARN_STRICT_PROTOTYPES = YES;
				CLANG_WARN_SUSPICIOUS_MOVE = YES;
				CLANG_WARN_UNGUARDED_AVAILABILITY = YES_AGGRESSIVE;
				CLANG_WARN_UNREACHABLE_CODE = YES;
				CLANG_WARN__DUPLICATE_METHOD_MATCH = YES;
				COPY_PHASE_STRIP = NO;
				DEBUG_INFORMATION_FORMAT = dwarf;
				ENABLE_STRICT_OBJC_MSGSEND = YES;
				ENABLE_TESTABILITY = YES;
				GCC_C_LANGUAGE_STANDARD = gnu11;
				GCC_DYNAMIC_NO_PIC = NO;
				GCC_NO_COMMON_BLOCKS = YES;
				GCC_OPTIMIZATION_LEVEL = 0;
				GCC_PREPROCESSOR_DEFINITIONS = (
					"DEBUG=1",
					"$(inherited)",
				);
				GCC_WARN_64_TO_32_BIT_CONVERSION = YES;
				GCC_WARN_ABOUT_RETURN_TYPE = YES_ERROR;
				GCC_WARN_UNDECLARED_SELECTOR = YES;
				GCC_WARN_UNINITIALIZED_AUTOS = YES_AGGRESSIVE;
				GCC_WARN_UNUSED_FUNCTION = YES;
				GCC_WARN_UNUSED_VARIABLE = YES;
				IPHONEOS_DEPLOYMENT_TARGET = 13.4;
				MTL_ENABLE_DEBUG_INFO = INCLUDE_SOURCE;
				MTL_FAST_MATH = YES;
				ONLY_ACTIVE_ARCH = YES;
				SDKROOT = iphoneos;
				SWIFT_ACTIVE_COMPILATION_CONDITIONS = DEBUG;
				SWIFT_OPTIMIZATION_LEVEL = "-Onone";
			};
			name = Debug;
		};
		26EEE3F6244677DD009FA9E4 /* Release */ = {
			isa = XCBuildConfiguration;
			buildSettings = {
				ALWAYS_SEARCH_USER_PATHS = NO;
				CLANG_ANALYZER_NONNULL = YES;
				CLANG_ANALYZER_NUMBER_OBJECT_CONVERSION = YES_AGGRESSIVE;
				CLANG_CXX_LANGUAGE_STANDARD = "gnu++14";
				CLANG_CXX_LIBRARY = "libc++";
				CLANG_ENABLE_MODULES = YES;
				CLANG_ENABLE_OBJC_ARC = YES;
				CLANG_ENABLE_OBJC_WEAK = YES;
				CLANG_WARN_BLOCK_CAPTURE_AUTORELEASING = YES;
				CLANG_WARN_BOOL_CONVERSION = YES;
				CLANG_WARN_COMMA = YES;
				CLANG_WARN_CONSTANT_CONVERSION = YES;
				CLANG_WARN_DEPRECATED_OBJC_IMPLEMENTATIONS = YES;
				CLANG_WARN_DIRECT_OBJC_ISA_USAGE = YES_ERROR;
				CLANG_WARN_DOCUMENTATION_COMMENTS = YES;
				CLANG_WARN_EMPTY_BODY = YES;
				CLANG_WARN_ENUM_CONVERSION = YES;
				CLANG_WARN_INFINITE_RECURSION = YES;
				CLANG_WARN_INT_CONVERSION = YES;
				CLANG_WARN_NON_LITERAL_NULL_CONVERSION = YES;
				CLANG_WARN_OBJC_IMPLICIT_RETAIN_SELF = YES;
				CLANG_WARN_OBJC_LITERAL_CONVERSION = YES;
				CLANG_WARN_OBJC_ROOT_CLASS = YES_ERROR;
				CLANG_WARN_RANGE_LOOP_ANALYSIS = YES;
				CLANG_WARN_STRICT_PROTOTYPES = YES;
				CLANG_WARN_SUSPICIOUS_MOVE = YES;
				CLANG_WARN_UNGUARDED_AVAILABILITY = YES_AGGRESSIVE;
				CLANG_WARN_UNREACHABLE_CODE = YES;
				CLANG_WARN__DUPLICATE_METHOD_MATCH = YES;
				COPY_PHASE_STRIP = NO;
				DEBUG_INFORMATION_FORMAT = "dwarf-with-dsym";
				ENABLE_NS_ASSERTIONS = NO;
				ENABLE_STRICT_OBJC_MSGSEND = YES;
				GCC_C_LANGUAGE_STANDARD = gnu11;
				GCC_NO_COMMON_BLOCKS = YES;
				GCC_WARN_64_TO_32_BIT_CONVERSION = YES;
				GCC_WARN_ABOUT_RETURN_TYPE = YES_ERROR;
				GCC_WARN_UNDECLARED_SELECTOR = YES;
				GCC_WARN_UNINITIALIZED_AUTOS = YES_AGGRESSIVE;
				GCC_WARN_UNUSED_FUNCTION = YES;
				GCC_WARN_UNUSED_VARIABLE = YES;
				IPHONEOS_DEPLOYMENT_TARGET = 13.4;
				MTL_ENABLE_DEBUG_INFO = NO;
				MTL_FAST_MATH = YES;
				SDKROOT = iphoneos;
				SWIFT_COMPILATION_MODE = wholemodule;
				SWIFT_OPTIMIZATION_LEVEL = "-O";
				VALIDATE_PRODUCT = YES;
			};
			name = Release;
		};
		26EEE3F8244677DD009FA9E4 /* Debug */ = {
			isa = XCBuildConfiguration;
			baseConfigurationReference = E5192B444B60685B1F948114 /* Pods-proyectoFinal.debug.xcconfig */;
			buildSettings = {
				ASSETCATALOG_COMPILER_APPICON_NAME = AppIcon;
				CODE_SIGN_STYLE = Automatic;
				INFOPLIST_FILE = proyectoFinal/Info.plist;
				IPHONEOS_DEPLOYMENT_TARGET = 13.2;
				LD_RUNPATH_SEARCH_PATHS = (
					"$(inherited)",
					"@executable_path/Frameworks",
				);
				PRODUCT_BUNDLE_IDENTIFIER = ITESM.proyectoFinal;
				PRODUCT_NAME = "$(TARGET_NAME)";
				SWIFT_VERSION = 5.0;
				TARGETED_DEVICE_FAMILY = "1,2";
			};
			name = Debug;
		};
		26EEE3F9244677DD009FA9E4 /* Release */ = {
			isa = XCBuildConfiguration;
			baseConfigurationReference = 1C098B3F1B93ACF0D86A7185 /* Pods-proyectoFinal.release.xcconfig */;
			buildSettings = {
				ASSETCATALOG_COMPILER_APPICON_NAME = AppIcon;
				CODE_SIGN_STYLE = Automatic;
				INFOPLIST_FILE = proyectoFinal/Info.plist;
				IPHONEOS_DEPLOYMENT_TARGET = 13.2;
				LD_RUNPATH_SEARCH_PATHS = (
					"$(inherited)",
					"@executable_path/Frameworks",
				);
				PRODUCT_BUNDLE_IDENTIFIER = ITESM.proyectoFinal;
				PRODUCT_NAME = "$(TARGET_NAME)";
				SWIFT_VERSION = 5.0;
				TARGETED_DEVICE_FAMILY = "1,2";
			};
			name = Release;
		};
/* End XCBuildConfiguration section */

/* Begin XCConfigurationList section */
		26EEE3DE244677DB009FA9E4 /* Build configuration list for PBXProject "proyectoFinal" */ = {
			isa = XCConfigurationList;
			buildConfigurations = (
				26EEE3F5244677DD009FA9E4 /* Debug */,
				26EEE3F6244677DD009FA9E4 /* Release */,
			);
			defaultConfigurationIsVisible = 0;
			defaultConfigurationName = Release;
		};
		26EEE3F7244677DD009FA9E4 /* Build configuration list for PBXNativeTarget "proyectoFinal" */ = {
			isa = XCConfigurationList;
			buildConfigurations = (
				26EEE3F8244677DD009FA9E4 /* Debug */,
				26EEE3F9244677DD009FA9E4 /* Release */,
			);
			defaultConfigurationIsVisible = 0;
			defaultConfigurationName = Release;
		};
/* End XCConfigurationList section */
	};
	rootObject = 26EEE3DB244677DB009FA9E4 /* Project object */;
}
